
Microsoft Visual Studio Solution File, Format Version 12.00
# Visual Studio Version 16
VisualStudioVersion = 16.0.31005.135
MinimumVisualStudioVersion = 10.0.40219.1
Project("{FAE04EC0-301F-11D3-BF4B-00C04F79EFBC}") = "PartyInvites", "PartyInvites\PartyInvites.csproj", "{2AA32820-6C1D-438A-B031-DE758486DEF3}"
EndProject
Global
	GlobalSection(SolutionConfigurationPlatforms) = preSolution
		Debug|Any CPU = Debug|Any CPU
		Release|Any CPU = Release|Any CPU
	EndGlobalSection
	GlobalSection(ProjectConfigurationPlatforms) = postSolution
		{2AA32820-6C1D-438A-B031-DE758486DEF3}.Debug|Any CPU.ActiveCfg = Debug|Any CPU
		{2AA32820-6C1D-438A-B031-DE758486DEF3}.Debug|Any CPU.Build.0 = Debug|Any CPU
		{2AA32820-6C1D-438A-B031-DE758486DEF3}.Release|Any CPU.ActiveCfg = Release|Any CPU
		{2AA32820-6C1D-438A-B031-DE758486DEF3}.Release|Any CPU.Build.0 = Release|Any CPU
	EndGlobalSection
	GlobalSection(SolutionProperties) = preSolution
		HideSolutionNode = FALSE
	EndGlobalSection
	GlobalSection(ExtensibilityGlobals) = postSolution
		SolutionGuid = {AC2F734D-AC8A-42B7-BCC6-0BAB29DC6721}
	EndGlobalSection
EndGlobal
